
Microsoft Visual Studio Solution File, Format Version 12.00
# Visual Studio Version 17
VisualStudioVersion = 17.5.33502.453
MinimumVisualStudioVersion = 10.0.40219.1
Project("{FAE04EC0-301F-11D3-BF4B-00C04F79EFBC}") = "CSH_P35", "CSH_P35\CSH_P35.csproj", "{71309DD0-62BF-4EC1-B67C-701B4CEB35D9}"
EndProject
Global
	GlobalSection(SolutionConfigurationPlatforms) = preSolution
		Debug|Any CPU = Debug|Any CPU
		Release|Any CPU = Release|Any CPU
	EndGlobalSection
	GlobalSection(ProjectConfigurationPlatforms) = postSolution
		{71309DD0-62BF-4EC1-B67C-701B4CEB35D9}.Debug|Any CPU.ActiveCfg = Debug|Any CPU
		{71309DD0-62BF-4EC1-B67C-701B4CEB35D9}.Debug|Any CPU.Build.0 = Debug|Any CPU
		{71309DD0-62BF-4EC1-B67C-701B4CEB35D9}.Release|Any CPU.ActiveCfg = Release|Any CPU
		{71309DD0-62BF-4EC1-B67C-701B4CEB35D9}.Release|Any CPU.Build.0 = Release|Any CPU
	EndGlobalSection
	GlobalSection(SolutionProperties) = preSolution
		HideSolutionNode = FALSE
	EndGlobalSection
	GlobalSection(ExtensibilityGlobals) = postSolution
		SolutionGuid = {8DDDBEF0-B032-4D36-AE69-9D2C66560D2E}
	EndGlobalSection
EndGlobal
